<?xml version="1.0" encoding="utf-8"?>
<Project ToolsVersion="4.0" xmlns="http://schemas.microsoft.com/developer/msbuild/2003">
  <ItemGroup>
    <ClCompile Include="ChattingServer.cpp" />
    <ClCompile Include="pch.cpp" />
    <ClCompile Include="CClientSession.cpp" />
    <ClCompile Include="CClientPacketHandler.cpp" />
    <ClCompile Include="CRoom.cpp" />
    <ClCompile Include="Chatting.pb.cc" />
    <ClCompile Include="Exit.pb.cc" />
    <ClCompile Include="Enter.pb.cc" />
  </ItemGroup>
  <ItemGroup>
    <ClInclude Include="pch.h" />
    <ClInclude Include="CClientSession.h" />
    <ClInclude Include="CClientPacketHandler.h" />
    <ClInclude Include="CRoom.h" />
    <ClInclude Include="Chatting.pb.h" />
    <ClInclude Include="Exit.pb.h" />
    <ClInclude Include="Enter.pb.h" />
  </ItemGroup>
  <ItemGroup>
    <None Include="..\protoc-3.17.1-win64\bin\Enter.proto" />
    <None Include="..\protoc-3.17.1-win64\bin\Chatting.proto" />
    <None Include="..\protoc-3.17.1-win64\bin\Exit.proto" />
  </ItemGroup>
</Project>